
Microsoft Visual Studio Solution File, Format Version 12.00
# Visual Studio Version 17
VisualStudioVersion = 17.10.35027.167
MinimumVisualStudioVersion = 10.0.40219.1
Project("{FAE04EC0-301F-11D3-BF4B-00C04F79EFBC}") = "gkq-cli", "gkq-cli.csproj", "{4E422FE5-D12A-4966-84D4-AF0B48AE348F}"
EndProject
Global
	GlobalSection(SolutionConfigurationPlatforms) = preSolution
		Debug|Any CPU = Debug|Any CPU
		Release|Any CPU = Release|Any CPU
	EndGlobalSection
	GlobalSection(ProjectConfigurationPlatforms) = postSolution
		{4E422FE5-D12A-4966-84D4-AF0B48AE348F}.Debug|Any CPU.ActiveCfg = Debug|Any CPU
		{4E422FE5-D12A-4966-84D4-AF0B48AE348F}.Debug|Any CPU.Build.0 = Debug|Any CPU
		{4E422FE5-D12A-4966-84D4-AF0B48AE348F}.Release|Any CPU.ActiveCfg = Release|Any CPU
		{4E422FE5-D12A-4966-84D4-AF0B48AE348F}.Release|Any CPU.Build.0 = Release|Any CPU
	EndGlobalSection
	GlobalSection(SolutionProperties) = preSolution
		HideSolutionNode = FALSE
	EndGlobalSection
	GlobalSection(ExtensibilityGlobals) = postSolution
		SolutionGuid = {07858CB4-36B5-475C-A55A-8096C097CDC7}
	EndGlobalSection
EndGlobal
